// !$*UTF8*$!
{
	archiveVersion = 1;
	classes = {
	};
	objectVersion = 77;
	objects = {

/* Begin PBXBuildFile section */
		024F40527C1D093776F9191D /* HostListViewModel.swift in Sources */ = {isa = PBXBuildFile; fileRef = 4022DC3DBB1883F4FAAF5D22 /* HostListViewModel.swift */; };
		043371456089E6BDC08EABE5 /* TermiRustMobileApp.swift in Sources */ = {isa = PBXBuildFile; fileRef = 2ACD1DD632FE87CA985233FC /* TermiRustMobileApp.swift */; };
		0842825D1B1A44C19B1E4509 /* TermiRustMobileCrypto.xcframework in Frameworks */ = {isa = PBXBuildFile; fileRef = 6DD9DB903CBD0DE616F7B7E4 /* TermiRustMobileCrypto.xcframework */; };
		11B42406FC878DBE6DBDCD09 /* MobileVaultImporterTests.swift in Sources */ = {isa = PBXBuildFile; fileRef = 7EE76EC7D67CB1EAE446215D /* MobileVaultImporterTests.swift */; };
		12A5A4F3F309524684539EEF /* NIOCore in Frameworks */ = {isa = PBXBuildFile; productRef = 8F7C73A723AFCB7818FF79FB /* NIOCore */; };
		1496F409B977283CBB781841 /* TermiRustControllerSecurity.xcframework in Frameworks */ = {isa = PBXBuildFile; fileRef = BFCBCA3644B906F6E55A4C86 /* TermiRustControllerSecurity.xcframework */; };
		20F7AB4BF1E1DA68E24F8E3D /* TerminalBuffer.swift in Sources */ = {isa = PBXBuildFile; fileRef = 9305D50DEB3FDAB60B584C2B /* TerminalBuffer.swift */; };
		304086417473B388F4742CBB /* MobileVaultImporter.swift in Sources */ = {isa = PBXBuildFile; fileRef = A79858D8548840C07D779517 /* MobileVaultImporter.swift */; };
		37E4220D6E3FCC19C5F77C3A /* OpenSSHPrivateKeyParser.swift in Sources */ = {isa = PBXBuildFile; fileRef = 909BACBBFFB76FA023EBDB9A /* OpenSSHPrivateKeyParser.swift */; };
		3BDA4D8CBA0D6C8DF9F7F371 /* EncryptedVaultStore.swift in Sources */ = {isa = PBXBuildFile; fileRef = AA5F0EB78F4D2A252EADAE8A /* EncryptedVaultStore.swift */; };
		4F6A15013CC0F979AC488612 /* DirectSSHIntegrationTests.swift in Sources */ = {isa = PBXBuildFile; fileRef = 35651BFBF6D6A54BB8ECCD66 /* DirectSSHIntegrationTests.swift */; };
		5D22C51CF4953ECA53DF4274 /* TerminalGrid.swift in Sources */ = {isa = PBXBuildFile; fileRef = 24A85EB62200FB06A4581F84 /* TerminalGrid.swift */; };
		7B2DA522ED797A9A7FF55235 /* HostListView.swift in Sources */ = {isa = PBXBuildFile; fileRef = A094D79B3532C27E003F0B33 /* HostListView.swift */; };
		81AAE37D864D4860FB6C07F5 /* MobileSSHSession.swift in Sources */ = {isa = PBXBuildFile; fileRef = 79B01326772388C06F4F275E /* MobileSSHSession.swift */; };
		8999D7D40482A28A2DC06AEE /* ControllerBindingConformanceTests.swift in Sources */ = {isa = PBXBuildFile; fileRef = A5EED30009CAECFDB014CB0F /* ControllerBindingConformanceTests.swift */; };
		8C26F90956DB52008830EFEC /* controller-v1.json in Resources */ = {isa = PBXBuildFile; fileRef = F08B3160F16265E1EA24A5D2 /* controller-v1.json */; };
		968B6E9F01DA1A92575E0A35 /* Crypto in Frameworks */ = {isa = PBXBuildFile; productRef = 003E451655DE70492275F55A /* Crypto */; };
		99EB986DA9ED3C19DFFB95F0 /* KeychainSecretStore.swift in Sources */ = {isa = PBXBuildFile; fileRef = 76237639D6037947840EF355 /* KeychainSecretStore.swift */; };
		9ACD83D4411095EBBB385F6E /* NIOSSH in Frameworks */ = {isa = PBXBuildFile; productRef = A430BDF58539E9AB20C42A19 /* NIOSSH */; };
		A762530AB6C3AB25ABAD3659 /* TermiRustControllerSecurity.swift in Sources */ = {isa = PBXBuildFile; fileRef = 7F104C5E01F2802E79785E66 /* TermiRustControllerSecurity.swift */; };
		A8904D00FF0F1BC603301077 /* NIOPosix in Frameworks */ = {isa = PBXBuildFile; productRef = B719687746D6E74C57ECB3D9 /* NIOPosix */; };
		B4BE02E666AC2A584E9D1ED1 /* TerminalInputEncoding.swift in Sources */ = {isa = PBXBuildFile; fileRef = AD7864BC0E07D7F967876BB0 /* TerminalInputEncoding.swift */; };
		B6D6332BD2127C1F36225A5F /* MobileDeviceIdentityStore.swift in Sources */ = {isa = PBXBuildFile; fileRef = E58C0FFFCA33DD0B192A2B6F /* MobileDeviceIdentityStore.swift */; };
		B8FC3EC2C31B987320EE15B1 /* NIOSSH in Frameworks */ = {isa = PBXBuildFile; productRef = F47930E681508B6A92D67201 /* NIOSSH */; };
		C76442BB1B07263ECDCD9DB2 /* TerminalSessionView.swift in Sources */ = {isa = PBXBuildFile; fileRef = 819CC38B1DACD94EE1C5A9CC /* TerminalSessionView.swift */; };
		DB197538F8008F5ADF7AE8E1 /* NativeMobileVaultDecryptor.swift in Sources */ = {isa = PBXBuildFile; fileRef = 12A4A57E7A9697AA99669AD5 /* NativeMobileVaultDecryptor.swift */; };
		E22EA4959B1A3AA8EFA705EC /* ContentView.swift in Sources */ = {isa = PBXBuildFile; fileRef = 6DBD05A37D69F9631D1396BC /* ContentView.swift */; };
		F644B10232A8B844230B5959 /* TmuxBootstrap.swift in Sources */ = {isa = PBXBuildFile; fileRef = 02FF10C3A8E721D4D7A47CD8 /* TmuxBootstrap.swift */; };
		FD8083E0DF133F4E81AE4E18 /* MobileVaultModels.swift in Sources */ = {isa = PBXBuildFile; fileRef = F376C5C2345ABA90522EF515 /* MobileVaultModels.swift */; };
/* End PBXBuildFile section */

/* Begin PBXContainerItemProxy section */
		A92951BD9AE8B1006667B9A5 /* PBXContainerItemProxy */ = {
			isa = PBXContainerItemProxy;
			containerPortal = B7DD9FE9A058D582F64E8172 /* Project object */;
			proxyType = 1;
			remoteGlobalIDString = 8BB149ECB3860B51DED20059;
			remoteInfo = TermiRustMobile;
		};
/* End PBXContainerItemProxy section */

/* Begin PBXFileReference section */
		02FF10C3A8E721D4D7A47CD8 /* TmuxBootstrap.swift */ = {isa = PBXFileReference; lastKnownFileType = sourcecode.swift; path = TmuxBootstrap.swift; sourceTree = "<group>"; };
		12A4A57E7A9697AA99669AD5 /* NativeMobileVaultDecryptor.swift */ = {isa = PBXFileReference; lastKnownFileType = sourcecode.swift; path = NativeMobileVaultDecryptor.swift; sourceTree = "<group>"; };
		24A85EB62200FB06A4581F84 /* TerminalGrid.swift */ = {isa = PBXFileReference; lastKnownFileType = sourcecode.swift; path = TerminalGrid.swift; sourceTree = "<group>"; };
		2ACD1DD632FE87CA985233FC /* TermiRustMobileApp.swift */ = {isa = PBXFileReference; lastKnownFileType = sourcecode.swift; path = TermiRustMobileApp.swift; sourceTree = "<group>"; };
		35651BFBF6D6A54BB8ECCD66 /* DirectSSHIntegrationTests.swift */ = {isa = PBXFileReference; lastKnownFileType = sourcecode.swift; path = DirectSSHIntegrationTests.swift; sourceTree = "<group>"; };
		4022DC3DBB1883F4FAAF5D22 /* HostListViewModel.swift */ = {isa = PBXFileReference; lastKnownFileType = sourcecode.swift; path = HostListViewModel.swift; sourceTree = "<group>"; };
		6DBD05A37D69F9631D1396BC /* ContentView.swift */ = {isa = PBXFileReference; lastKnownFileType = sourcecode.swift; path = ContentView.swift; sourceTree = "<group>"; };
		6DD9DB903CBD0DE616F7B7E4 /* TermiRustMobileCrypto.xcframework */ = {isa = PBXFileReference; lastKnownFileType = wrapper.xcframework; name = TermiRustMobileCrypto.xcframework; path = Frameworks/TermiRustMobileCrypto.xcframework; sourceTree = "<group>"; };
		76237639D6037947840EF355 /* KeychainSecretStore.swift */ = {isa = PBXFileReference; lastKnownFileType = sourcecode.swift; path = KeychainSecretStore.swift; sourceTree = "<group>"; };
		79B01326772388C06F4F275E /* MobileSSHSession.swift */ = {isa = PBXFileReference; lastKnownFileType = sourcecode.swift; path = MobileSSHSession.swift; sourceTree = "<group>"; };
		7EE76EC7D67CB1EAE446215D /* MobileVaultImporterTests.swift */ = {isa = PBXFileReference; lastKnownFileType = sourcecode.swift; path = MobileVaultImporterTests.swift; sourceTree = "<group>"; };
		7F104C5E01F2802E79785E66 /* TermiRustControllerSecurity.swift */ = {isa = PBXFileReference; lastKnownFileType = sourcecode.swift; path = TermiRustControllerSecurity.swift; sourceTree = "<group>"; };
		819CC38B1DACD94EE1C5A9CC /* TerminalSessionView.swift */ = {isa = PBXFileReference; lastKnownFileType = sourcecode.swift; path = TerminalSessionView.swift; sourceTree = "<group>"; };
		909BACBBFFB76FA023EBDB9A /* OpenSSHPrivateKeyParser.swift */ = {isa = PBXFileReference; lastKnownFileType = sourcecode.swift; path = OpenSSHPrivateKeyParser.swift; sourceTree = "<group>"; };
		9305D50DEB3FDAB60B584C2B /* TerminalBuffer.swift */ = {isa = PBXFileReference; lastKnownFileType = sourcecode.swift; path = TerminalBuffer.swift; sourceTree = "<group>"; };
		A01D81A3386AE96F20F17AB5 /* TermiRustMobile.app */ = {isa = PBXFileReference; includeInIndex = 0; lastKnownFileType = wrapper.application; path = TermiRustMobile.app; sourceTree = BUILT_PRODUCTS_DIR; };
		A094D79B3532C27E003F0B33 /* HostListView.swift */ = {isa = PBXFileReference; lastKnownFileType = sourcecode.swift; path = HostListView.swift; sourceTree = "<group>"; };
		A5EED30009CAECFDB014CB0F /* ControllerBindingConformanceTests.swift */ = {isa = PBXFileReference; lastKnownFileType = sourcecode.swift; path = ControllerBindingConformanceTests.swift; sourceTree = "<group>"; };
		A79858D8548840C07D779517 /* MobileVaultImporter.swift */ = {isa = PBXFileReference; lastKnownFileType = sourcecode.swift; path = MobileVaultImporter.swift; sourceTree = "<group>"; };
		AA5F0EB78F4D2A252EADAE8A /* EncryptedVaultStore.swift */ = {isa = PBXFileReference; lastKnownFileType = sourcecode.swift; path = EncryptedVaultStore.swift; sourceTree = "<group>"; };
		AD7864BC0E07D7F967876BB0 /* TerminalInputEncoding.swift */ = {isa = PBXFileReference; lastKnownFileType = sourcecode.swift; path = TerminalInputEncoding.swift; sourceTree = "<group>"; };
		BFCBCA3644B906F6E55A4C86 /* TermiRustControllerSecurity.xcframework */ = {isa = PBXFileReference; lastKnownFileType = wrapper.xcframework; name = TermiRustControllerSecurity.xcframework; path = Frameworks/TermiRustControllerSecurity.xcframework; sourceTree = "<group>"; };
		E58C0FFFCA33DD0B192A2B6F /* MobileDeviceIdentityStore.swift */ = {isa = PBXFileReference; lastKnownFileType = sourcecode.swift; path = MobileDeviceIdentityStore.swift; sourceTree = "<group>"; };
		F08B3160F16265E1EA24A5D2 /* controller-v1.json */ = {isa = PBXFileReference; lastKnownFileType = text.json; path = "controller-v1.json"; sourceTree = "<group>"; };
		F376C5C2345ABA90522EF515 /* MobileVaultModels.swift */ = {isa = PBXFileReference; lastKnownFileType = sourcecode.swift; path = MobileVaultModels.swift; sourceTree = "<group>"; };
		FEEB51D37AAC5C3B9050E6F0 /* TermiRustMobileTests.xctest */ = {isa = PBXFileReference; includeInIndex = 0; lastKnownFileType = wrapper.cfbundle; path = TermiRustMobileTests.xctest; sourceTree = BUILT_PRODUCTS_DIR; };
/* End PBXFileReference section */

/* Begin PBXFrameworksBuildPhase section */
		423E281E7D6930835019380B /* Frameworks */ = {
			isa = PBXFrameworksBuildPhase;
			buildActionMask = 2147483647;
			files = (
				9ACD83D4411095EBBB385F6E /* NIOSSH in Frameworks */,
				12A5A4F3F309524684539EEF /* NIOCore in Frameworks */,
				A8904D00FF0F1BC603301077 /* NIOPosix in Frameworks */,
				968B6E9F01DA1A92575E0A35 /* Crypto in Frameworks */,
				0842825D1B1A44C19B1E4509 /* TermiRustMobileCrypto.xcframework in Frameworks */,
				1496F409B977283CBB781841 /* TermiRustControllerSecurity.xcframework in Frameworks */,
			);
			runOnlyForDeploymentPostprocessing = 0;
		};
		5EE96937487363BC9224FDA8 /* Frameworks */ = {
			isa = PBXFrameworksBuildPhase;
			buildActionMask = 2147483647;
			files = (
				B8FC3EC2C31B987320EE15B1 /* NIOSSH in Frameworks */,
			);
			runOnlyForDeploymentPostprocessing = 0;
		};
/* End PBXFrameworksBuildPhase section */

/* Begin PBXGroup section */
		27968F7F33507C14763BACD9 /* Models */ = {
			isa = PBXGroup;
			children = (
				F376C5C2345ABA90522EF515 /* MobileVaultModels.swift */,
			);
			path = Models;
			sourceTree = "<group>";
		};
		31E357C43FC18557569973DC /* TermiRustMobile */ = {
			isa = PBXGroup;
			children = (
				A8D916484C3231E4D32433F7 /* App */,
				64197466AE27DB45AACC8F90 /* Generated */,
				27968F7F33507C14763BACD9 /* Models */,
				EC9DBEFEDB2E8B1CBB849940 /* Security */,
				38B90CC6928D45E5B687C873 /* SSH */,
				DDC8BC0ACA2E6A7A544D5C7D /* Terminal */,
				50DA47110E51091E83B5D67C /* Vault */,
				90503CA0EA235468D73BC7C5 /* ViewModels */,
				D608800CECA100CFC262B74C /* Views */,
			);
			path = TermiRustMobile;
			sourceTree = "<group>";
		};
		379150458C4431587D1D3C6C /* Frameworks */ = {
			isa = PBXGroup;
			children = (
				BFCBCA3644B906F6E55A4C86 /* TermiRustControllerSecurity.xcframework */,
				6DD9DB903CBD0DE616F7B7E4 /* TermiRustMobileCrypto.xcframework */,
			);
			name = Frameworks;
			sourceTree = "<group>";
		};
		38B90CC6928D45E5B687C873 /* SSH */ = {
			isa = PBXGroup;
			children = (
				79B01326772388C06F4F275E /* MobileSSHSession.swift */,
				909BACBBFFB76FA023EBDB9A /* OpenSSHPrivateKeyParser.swift */,
				02FF10C3A8E721D4D7A47CD8 /* TmuxBootstrap.swift */,
			);
			path = SSH;
			sourceTree = "<group>";
		};
		50DA47110E51091E83B5D67C /* Vault */ = {
			isa = PBXGroup;
			children = (
				AA5F0EB78F4D2A252EADAE8A /* EncryptedVaultStore.swift */,
				A79858D8548840C07D779517 /* MobileVaultImporter.swift */,
				12A4A57E7A9697AA99669AD5 /* NativeMobileVaultDecryptor.swift */,
			);
			path = Vault;
			sourceTree = "<group>";
		};
		5DBDBA063676A27697E38797 /* Products */ = {
			isa = PBXGroup;
			children = (
				A01D81A3386AE96F20F17AB5 /* TermiRustMobile.app */,
				FEEB51D37AAC5C3B9050E6F0 /* TermiRustMobileTests.xctest */,
			);
			name = Products;
			sourceTree = "<group>";
		};
		64197466AE27DB45AACC8F90 /* Generated */ = {
			isa = PBXGroup;
			children = (
				7F104C5E01F2802E79785E66 /* TermiRustControllerSecurity.swift */,
			);
			path = Generated;
			sourceTree = "<group>";
		};
		90503CA0EA235468D73BC7C5 /* ViewModels */ = {
			isa = PBXGroup;
			children = (
				4022DC3DBB1883F4FAAF5D22 /* HostListViewModel.swift */,
			);
			path = ViewModels;
			sourceTree = "<group>";
		};
		A8D916484C3231E4D32433F7 /* App */ = {
			isa = PBXGroup;
			children = (
				2ACD1DD632FE87CA985233FC /* TermiRustMobileApp.swift */,
			);
			path = App;
			sourceTree = "<group>";
		};
		CCC1708406BAB5C307C75403 /* TermiRustMobileTests */ = {
			isa = PBXGroup;
			children = (
				A5EED30009CAECFDB014CB0F /* ControllerBindingConformanceTests.swift */,
				35651BFBF6D6A54BB8ECCD66 /* DirectSSHIntegrationTests.swift */,
				7EE76EC7D67CB1EAE446215D /* MobileVaultImporterTests.swift */,
				E64B79F7BA931D612A4F8726 /* Fixtures */,
			);
			path = TermiRustMobileTests;
			sourceTree = "<group>";
		};
		D608800CECA100CFC262B74C /* Views */ = {
			isa = PBXGroup;
			children = (
				6DBD05A37D69F9631D1396BC /* ContentView.swift */,
				A094D79B3532C27E003F0B33 /* HostListView.swift */,
				819CC38B1DACD94EE1C5A9CC /* TerminalSessionView.swift */,
			);
			path = Views;
			sourceTree = "<group>";
		};
		DDC8BC0ACA2E6A7A544D5C7D /* Terminal */ = {
			isa = PBXGroup;
			children = (
				9305D50DEB3FDAB60B584C2B /* TerminalBuffer.swift */,
				24A85EB62200FB06A4581F84 /* TerminalGrid.swift */,
				AD7864BC0E07D7F967876BB0 /* TerminalInputEncoding.swift */,
			);
			path = Terminal;
			sourceTree = "<group>";
		};
		E64B79F7BA931D612A4F8726 /* Fixtures */ = {
			isa = PBXGroup;
			children = (
				F08B3160F16265E1EA24A5D2 /* controller-v1.json */,
			);
			path = Fixtures;
			sourceTree = "<group>";
		};
		EC9DBEFEDB2E8B1CBB849940 /* Security */ = {
			isa = PBXGroup;
			children = (
				76237639D6037947840EF355 /* KeychainSecretStore.swift */,
				E58C0FFFCA33DD0B192A2B6F /* MobileDeviceIdentityStore.swift */,
			);
			path = Security;
			sourceTree = "<group>";
		};
		F43FBAFBB30FB25D5F3E2967 = {
			isa = PBXGroup;
			children = (
				31E357C43FC18557569973DC /* TermiRustMobile */,
				CCC1708406BAB5C307C75403 /* TermiRustMobileTests */,
				379150458C4431587D1D3C6C /* Frameworks */,
				5DBDBA063676A27697E38797 /* Products */,
			);
			sourceTree = "<group>";
		};
/* End PBXGroup section */

/* Begin PBXNativeTarget section */
		8BB149ECB3860B51DED20059 /* TermiRustMobile */ = {
			isa = PBXNativeTarget;
			buildConfigurationList = 7E4AD54C0634FBD1183B200A /* Build configuration list for PBXNativeTarget "TermiRustMobile" */;
			buildPhases = (
				E0EDCAE263F46408B4AA28C7 /* Sources */,
				423E281E7D6930835019380B /* Frameworks */,
			);
			buildRules = (
			);
			dependencies = (
			);
			name = TermiRustMobile;
			packageProductDependencies = (
				A430BDF58539E9AB20C42A19 /* NIOSSH */,
				8F7C73A723AFCB7818FF79FB /* NIOCore */,
				B719687746D6E74C57ECB3D9 /* NIOPosix */,
				003E451655DE70492275F55A /* Crypto */,
			);
			productName = TermiRustMobile;
			productReference = A01D81A3386AE96F20F17AB5 /* TermiRustMobile.app */;
			productType = "com.apple.product-type.application";
		};
		FCA0E6EC4D0EC7F65956EBCA /* TermiRustMobileTests */ = {
			isa = PBXNativeTarget;
			buildConfigurationList = 03F761B885A4B9E7F7645407 /* Build configuration list for PBXNativeTarget "TermiRustMobileTests" */;
			buildPhases = (
				D7EA32D6C23AED2059018C91 /* Sources */,
				59AA0AC6EF6B1E3D5A306314 /* Resources */,
				5EE96937487363BC9224FDA8 /* Frameworks */,
			);
			buildRules = (
			);
			dependencies = (
				B9ADD38D5A3B67FBF20A782F /* PBXTargetDependency */,
			);
			name = TermiRustMobileTests;
			packageProductDependencies = (
				F47930E681508B6A92D67201 /* NIOSSH */,
			);
			productName = TermiRustMobileTests;
			productReference = FEEB51D37AAC5C3B9050E6F0 /* TermiRustMobileTests.xctest */;
			productType = "com.apple.product-type.bundle.unit-test";
		};
/* End PBXNativeTarget section */

/* Begin PBXProject section */
		B7DD9FE9A058D582F64E8172 /* Project object */ = {
			isa = PBXProject;
			attributes = {
				BuildIndependentTargetsInParallel = YES;
				LastUpgradeCheck = 1430;
				TargetAttributes = {
				};
			};
			buildConfigurationList = 9933BC238D154EF00583C036 /* Build configuration list for PBXProject "TermiRustMobile" */;
			developmentRegion = en;
			hasScannedForEncodings = 0;
			knownRegions = (
				Base,
				en,
			);
			mainGroup = F43FBAFBB30FB25D5F3E2967;
			minimizedProjectReferenceProxies = 1;
			packageReferences = (
				10DAF3A06365C74FFC930F9C /* XCRemoteSwiftPackageReference "swift-crypto" */,
				A7C893B8B413D1EBF26A2174 /* XCRemoteSwiftPackageReference "swift-nio" */,
				40130644CF192DE204274EBA /* XCRemoteSwiftPackageReference "swift-nio-ssh" */,
			);
			preferredProjectObjectVersion = 77;
			productRefGroup = 5DBDBA063676A27697E38797 /* Products */;
			projectDirPath = "";
			projectRoot = "";
			targets = (
				8BB149ECB3860B51DED20059 /* TermiRustMobile */,
				FCA0E6EC4D0EC7F65956EBCA /* TermiRustMobileTests */,
			);
		};
/* End PBXProject section */

/* Begin PBXResourcesBuildPhase section */
		59AA0AC6EF6B1E3D5A306314 /* Resources */ = {
			isa = PBXResourcesBuildPhase;
			buildActionMask = 2147483647;
			files = (
				8C26F90956DB52008830EFEC /* controller-v1.json in Resources */,
			);
			runOnlyForDeploymentPostprocessing = 0;
		};
/* End PBXResourcesBuildPhase section */

/* Begin PBXSourcesBuildPhase section */
		D7EA32D6C23AED2059018C91 /* Sources */ = {
			isa = PBXSourcesBuildPhase;
			buildActionMask = 2147483647;
			files = (
				8999D7D40482A28A2DC06AEE /* ControllerBindingConformanceTests.swift in Sources */,
				4F6A15013CC0F979AC488612 /* DirectSSHIntegrationTests.swift in Sources */,
				11B42406FC878DBE6DBDCD09 /* MobileVaultImporterTests.swift in Sources */,
			);
			runOnlyForDeploymentPostprocessing = 0;
		};
		E0EDCAE263F46408B4AA28C7 /* Sources */ = {
			isa = PBXSourcesBuildPhase;
			buildActionMask = 2147483647;
			files = (
				E22EA4959B1A3AA8EFA705EC /* ContentView.swift in Sources */,
				3BDA4D8CBA0D6C8DF9F7F371 /* EncryptedVaultStore.swift in Sources */,
				7B2DA522ED797A9A7FF55235 /* HostListView.swift in Sources */,
				024F40527C1D093776F9191D /* HostListViewModel.swift in Sources */,
				99EB986DA9ED3C19DFFB95F0 /* KeychainSecretStore.swift in Sources */,
				B6D6332BD2127C1F36225A5F /* MobileDeviceIdentityStore.swift in Sources */,
				81AAE37D864D4860FB6C07F5 /* MobileSSHSession.swift in Sources */,
				304086417473B388F4742CBB /* MobileVaultImporter.swift in Sources */,
				FD8083E0DF133F4E81AE4E18 /* MobileVaultModels.swift in Sources */,
				DB197538F8008F5ADF7AE8E1 /* NativeMobileVaultDecryptor.swift in Sources */,
				37E4220D6E3FCC19C5F77C3A /* OpenSSHPrivateKeyParser.swift in Sources */,
				A762530AB6C3AB25ABAD3659 /* TermiRustControllerSecurity.swift in Sources */,
				043371456089E6BDC08EABE5 /* TermiRustMobileApp.swift in Sources */,
				20F7AB4BF1E1DA68E24F8E3D /* TerminalBuffer.swift in Sources */,
				5D22C51CF4953ECA53DF4274 /* TerminalGrid.swift in Sources */,
				B4BE02E666AC2A584E9D1ED1 /* TerminalInputEncoding.swift in Sources */,
				C76442BB1B07263ECDCD9DB2 /* TerminalSessionView.swift in Sources */,
				F644B10232A8B844230B5959 /* TmuxBootstrap.swift in Sources */,
			);
			runOnlyForDeploymentPostprocessing = 0;
		};
/* End PBXSourcesBuildPhase section */

/* Begin PBXTargetDependency section */
		B9ADD38D5A3B67FBF20A782F /* PBXTargetDependency */ = {
			isa = PBXTargetDependency;
			target = 8BB149ECB3860B51DED20059 /* TermiRustMobile */;
			targetProxy = A92951BD9AE8B1006667B9A5 /* PBXContainerItemProxy */;
		};
/* End PBXTargetDependency section */

/* Begin XCBuildConfiguration section */
		3CF418A3191FE17977AE000C /* Release */ = {
			isa = XCBuildConfiguration;
			buildSettings = {
				BUNDLE_LOADER = "$(TEST_HOST)";
				GENERATE_INFOPLIST_FILE = YES;
				IPHONEOS_DEPLOYMENT_TARGET = 17.0;
				LD_RUNPATH_SEARCH_PATHS = (
					"$(inherited)",
					"@executable_path/Frameworks",
					"@loader_path/Frameworks",
				);
				PRODUCT_BUNDLE_IDENTIFIER = com.termirust.mobile.tests;
				SDKROOT = iphoneos;
				SWIFT_VERSION = 6.0;
				TARGETED_DEVICE_FAMILY = "1,2";
				TEST_HOST = "$(BUILT_PRODUCTS_DIR)/TermiRustMobile.app/TermiRustMobile";
			};
			name = Release;
		};
		4D157F7FEA7E25B34537CC39 /* Debug */ = {
			isa = XCBuildConfiguration;
			buildSettings = {
				ALWAYS_SEARCH_USER_PATHS = NO;
				CLANG_ANALYZER_NONNULL = YES;
				CLANG_ANALYZER_NUMBER_OBJECT_CONVERSION = YES_AGGRESSIVE;
				CLANG_CXX_LANGUAGE_STANDARD = "gnu++14";
				CLANG_CXX_LIBRARY = "libc++";
				CLANG_ENABLE_MODULES = YES;
				CLANG_ENABLE_OBJC_ARC = YES;
				CLANG_ENABLE_OBJC_WEAK = YES;
				CLANG_WARN_BLOCK_CAPTURE_AUTORELEASING = YES;
				CLANG_WARN_BOOL_CONVERSION = YES;
				CLANG_WARN_COMMA = YES;
				CLANG_WARN_CONSTANT_CONVERSION = YES;
				CLANG_WARN_DEPRECATED_OBJC_IMPLEMENTATIONS = YES;
				CLANG_WARN_DIRECT_OBJC_ISA_USAGE = YES_ERROR;
				CLANG_WARN_DOCUMENTATION_COMMENTS = YES;
				CLANG_WARN_EMPTY_BODY = YES;
				CLANG_WARN_ENUM_CONVERSION = YES;
				CLANG_WARN_INFINITE_RECURSION = YES;
				CLANG_WARN_INT_CONVERSION = YES;
				CLANG_WARN_NON_LITERAL_NULL_CONVERSION = YES;
				CLANG_WARN_OBJC_IMPLICIT_RETAIN_SELF = YES;
				CLANG_WARN_OBJC_LITERAL_CONVERSION = YES;
				CLANG_WARN_OBJC_ROOT_CLASS = YES_ERROR;
				CLANG_WARN_QUOTED_INCLUDE_IN_FRAMEWORK_HEADER = YES;
				CLANG_WARN_RANGE_LOOP_ANALYSIS = YES;
				CLANG_WARN_STRICT_PROTOTYPES = YES;
				CLANG_WARN_SUSPICIOUS_MOVE = YES;
				CLANG_WARN_UNGUARDED_AVAILABILITY = YES_AGGRESSIVE;
				CLANG_WARN_UNREACHABLE_CODE = YES;
				CLANG_WARN__DUPLICATE_METHOD_MATCH = YES;
				COPY_PHASE_STRIP = NO;
				DEBUG_INFORMATION_FORMAT = dwarf;
				ENABLE_STRICT_OBJC_MSGSEND = YES;
				ENABLE_TESTABILITY = YES;
				GCC_C_LANGUAGE_STANDARD = gnu11;
				GCC_DYNAMIC_NO_PIC = NO;
				GCC_NO_COMMON_BLOCKS = YES;
				GCC_OPTIMIZATION_LEVEL = 0;
				GCC_PREPROCESSOR_DEFINITIONS = (
					"$(inherited)",
					"DEBUG=1",
				);
				GCC_WARN_64_TO_32_BIT_CONVERSION = YES;
				GCC_WARN_ABOUT_RETURN_TYPE = YES_ERROR;
				GCC_WARN_UNDECLARED_SELECTOR = YES;
				GCC_WARN_UNINITIALIZED_AUTOS = YES_AGGRESSIVE;
				GCC_WARN_UNUSED_FUNCTION = YES;
				GCC_WARN_UNUSED_VARIABLE = YES;
				IPHONEOS_DEPLOYMENT_TARGET = 17.0;
				MTL_ENABLE_DEBUG_INFO = INCLUDE_SOURCE;
				MTL_FAST_MATH = YES;
				ONLY_ACTIVE_ARCH = YES;
				PRODUCT_NAME = "$(TARGET_NAME)";
				SDKROOT = iphoneos;
				SWIFT_ACTIVE_COMPILATION_CONDITIONS = DEBUG;
				SWIFT_OPTIMIZATION_LEVEL = "-Onone";
				SWIFT_VERSION = 5.0;
			};
			name = Debug;
		};
		64A8133D5269BA5FA1732BAA /* Debug */ = {
			isa = XCBuildConfiguration;
			buildSettings = {
				BUNDLE_LOADER = "$(TEST_HOST)";
				GENERATE_INFOPLIST_FILE = YES;
				IPHONEOS_DEPLOYMENT_TARGET = 17.0;
				LD_RUNPATH_SEARCH_PATHS = (
					"$(inherited)",
					"@executable_path/Frameworks",
					"@loader_path/Frameworks",
				);
				PRODUCT_BUNDLE_IDENTIFIER = com.termirust.mobile.tests;
				SDKROOT = iphoneos;
				SWIFT_VERSION = 6.0;
				TARGETED_DEVICE_FAMILY = "1,2";
				TEST_HOST = "$(BUILT_PRODUCTS_DIR)/TermiRustMobile.app/TermiRustMobile";
			};
			name = Debug;
		};
		A91F8FED36AFECD8F212E89E /* Release */ = {
			isa = XCBuildConfiguration;
			buildSettings = {
				ALWAYS_SEARCH_USER_PATHS = NO;
				CLANG_ANALYZER_NONNULL = YES;
				CLANG_ANALYZER_NUMBER_OBJECT_CONVERSION = YES_AGGRESSIVE;
				CLANG_CXX_LANGUAGE_STANDARD = "gnu++14";
				CLANG_CXX_LIBRARY = "libc++";
				CLANG_ENABLE_MODULES = YES;
				CLANG_ENABLE_OBJC_ARC = YES;
				CLANG_ENABLE_OBJC_WEAK = YES;
				CLANG_WARN_BLOCK_CAPTURE_AUTORELEASING = YES;
				CLANG_WARN_BOOL_CONVERSION = YES;
				CLANG_WARN_COMMA = YES;
				CLANG_WARN_CONSTANT_CONVERSION = YES;
				CLANG_WARN_DEPRECATED_OBJC_IMPLEMENTATIONS = YES;
				CLANG_WARN_DIRECT_OBJC_ISA_USAGE = YES_ERROR;
				CLANG_WARN_DOCUMENTATION_COMMENTS = YES;
				CLANG_WARN_EMPTY_BODY = YES;
				CLANG_WARN_ENUM_CONVERSION = YES;
				CLANG_WARN_INFINITE_RECURSION = YES;
				CLANG_WARN_INT_CONVERSION = YES;
				CLANG_WARN_NON_LITERAL_NULL_CONVERSION = YES;
				CLANG_WARN_OBJC_IMPLICIT_RETAIN_SELF = YES;
				CLANG_WARN_OBJC_LITERAL_CONVERSION = YES;
				CLANG_WARN_OBJC_ROOT_CLASS = YES_ERROR;
				CLANG_WARN_QUOTED_INCLUDE_IN_FRAMEWORK_HEADER = YES;
				CLANG_WARN_RANGE_LOOP_ANALYSIS = YES;
				CLANG_WARN_STRICT_PROTOTYPES = YES;
				CLANG_WARN_SUSPICIOUS_MOVE = YES;
				CLANG_WARN_UNGUARDED_AVAILABILITY = YES_AGGRESSIVE;
				CLANG_WARN_UNREACHABLE_CODE = YES;
				CLANG_WARN__DUPLICATE_METHOD_MATCH = YES;
				COPY_PHASE_STRIP = NO;
				DEBUG_INFORMATION_FORMAT = "dwarf-with-dsym";
				ENABLE_NS_ASSERTIONS = NO;
				ENABLE_STRICT_OBJC_MSGSEND = YES;
				GCC_C_LANGUAGE_STANDARD = gnu11;
				GCC_NO_COMMON_BLOCKS = YES;
				GCC_WARN_64_TO_32_BIT_CONVERSION = YES;
				GCC_WARN_ABOUT_RETURN_TYPE = YES_ERROR;
				GCC_WARN_UNDECLARED_SELECTOR = YES;
				GCC_WARN_UNINITIALIZED_AUTOS = YES_AGGRESSIVE;
				GCC_WARN_UNUSED_FUNCTION = YES;
				GCC_WARN_UNUSED_VARIABLE = YES;
				IPHONEOS_DEPLOYMENT_TARGET = 17.0;
				MTL_ENABLE_DEBUG_INFO = NO;
				MTL_FAST_MATH = YES;
				PRODUCT_NAME = "$(TARGET_NAME)";
				SDKROOT = iphoneos;
				SWIFT_COMPILATION_MODE = wholemodule;
				SWIFT_OPTIMIZATION_LEVEL = "-O";
				SWIFT_VERSION = 5.0;
			};
			name = Release;
		};
		CF64E1BB608060F3BE27A85F /* Release */ = {
			isa = XCBuildConfiguration;
			buildSettings = {
				ASSETCATALOG_COMPILER_APPICON_NAME = AppIcon;
				CODE_SIGN_IDENTITY = "iPhone Developer";
				FRAMEWORK_SEARCH_PATHS = (
					"$(inherited)",
					"\"Frameworks\"",
				);
				GENERATE_INFOPLIST_FILE = YES;
				INFOPLIST_KEY_UILaunchScreen_Generation = YES;
				INFOPLIST_KEY_UISupportedInterfaceOrientations_iPad = "UIInterfaceOrientationPortrait UIInterfaceOrientationPortraitUpsideDown UIInterfaceOrientationLandscapeLeft UIInterfaceOrientationLandscapeRight";
				INFOPLIST_KEY_UISupportedInterfaceOrientations_iPhone = "UIInterfaceOrientationPortrait UIInterfaceOrientationLandscapeLeft UIInterfaceOrientationLandscapeRight";
				IPHONEOS_DEPLOYMENT_TARGET = 17.0;
				LD_RUNPATH_SEARCH_PATHS = (
					"$(inherited)",
					"@executable_path/Frameworks",
				);
				PRODUCT_BUNDLE_IDENTIFIER = com.termirust.mobile;
				SDKROOT = iphoneos;
				SWIFT_VERSION = 6.0;
				TARGETED_DEVICE_FAMILY = "1,2";
			};
			name = Release;
		};
		ECDA52149C18485223533C09 /* Debug */ = {
			isa = XCBuildConfiguration;
			buildSettings = {
				ASSETCATALOG_COMPILER_APPICON_NAME = AppIcon;
				CODE_SIGN_IDENTITY = "iPhone Developer";
				FRAMEWORK_SEARCH_PATHS = (
					"$(inherited)",
					"\"Frameworks\"",
				);
				GENERATE_INFOPLIST_FILE = YES;
				INFOPLIST_KEY_UILaunchScreen_Generation = YES;
				INFOPLIST_KEY_UISupportedInterfaceOrientations_iPad = "UIInterfaceOrientationPortrait UIInterfaceOrientationPortraitUpsideDown UIInterfaceOrientationLandscapeLeft UIInterfaceOrientationLandscapeRight";
				INFOPLIST_KEY_UISupportedInterfaceOrientations_iPhone = "UIInterfaceOrientationPortrait UIInterfaceOrientationLandscapeLeft UIInterfaceOrientationLandscapeRight";
				IPHONEOS_DEPLOYMENT_TARGET = 17.0;
				LD_RUNPATH_SEARCH_PATHS = (
					"$(inherited)",
					"@executable_path/Frameworks",
				);
				PRODUCT_BUNDLE_IDENTIFIER = com.termirust.mobile;
				SDKROOT = iphoneos;
				SWIFT_VERSION = 6.0;
				TARGETED_DEVICE_FAMILY = "1,2";
			};
			name = Debug;
		};
/* End XCBuildConfiguration section */

/* Begin XCConfigurationList section */
		03F761B885A4B9E7F7645407 /* Build configuration list for PBXNativeTarget "TermiRustMobileTests" */ = {
			isa = XCConfigurationList;
			buildConfigurations = (
				64A8133D5269BA5FA1732BAA /* Debug */,
				3CF418A3191FE17977AE000C /* Release */,
			);
			defaultConfigurationIsVisible = 0;
			defaultConfigurationName = Debug;
		};
		7E4AD54C0634FBD1183B200A /* Build configuration list for PBXNativeTarget "TermiRustMobile" */ = {
			isa = XCConfigurationList;
			buildConfigurations = (
				ECDA52149C18485223533C09 /* Debug */,
				CF64E1BB608060F3BE27A85F /* Release */,
			);
			defaultConfigurationIsVisible = 0;
			defaultConfigurationName = Debug;
		};
		9933BC238D154EF00583C036 /* Build configuration list for PBXProject "TermiRustMobile" */ = {
			isa = XCConfigurationList;
			buildConfigurations = (
				4D157F7FEA7E25B34537CC39 /* Debug */,
				A91F8FED36AFECD8F212E89E /* Release */,
			);
			defaultConfigurationIsVisible = 0;
			defaultConfigurationName = Debug;
		};
/* End XCConfigurationList section */

/* Begin XCRemoteSwiftPackageReference section */
		10DAF3A06365C74FFC930F9C /* XCRemoteSwiftPackageReference "swift-crypto" */ = {
			isa = XCRemoteSwiftPackageReference;
			repositoryURL = "https://github.com/apple/swift-crypto.git";
			requirement = {
				kind = upToNextMajorVersion;
				minimumVersion = 4.5.0;
			};
		};
		40130644CF192DE204274EBA /* XCRemoteSwiftPackageReference "swift-nio-ssh" */ = {
			isa = XCRemoteSwiftPackageReference;
			repositoryURL = "https://github.com/apple/swift-nio-ssh.git";
			requirement = {
				kind = upToNextMajorVersion;
				minimumVersion = 0.13.0;
			};
		};
		A7C893B8B413D1EBF26A2174 /* XCRemoteSwiftPackageReference "swift-nio" */ = {
			isa = XCRemoteSwiftPackageReference;
			repositoryURL = "https://github.com/apple/swift-nio.git";
			requirement = {
				kind = upToNextMajorVersion;
				minimumVersion = 2.81.0;
			};
		};
/* End XCRemoteSwiftPackageReference section */

/* Begin XCSwiftPackageProductDependency section */
		003E451655DE70492275F55A /* Crypto */ = {
			isa = XCSwiftPackageProductDependency;
			package = 10DAF3A06365C74FFC930F9C /* XCRemoteSwiftPackageReference "swift-crypto" */;
			productName = Crypto;
		};
		8F7C73A723AFCB7818FF79FB /* NIOCore */ = {
			isa = XCSwiftPackageProductDependency;
			package = A7C893B8B413D1EBF26A2174 /* XCRemoteSwiftPackageReference "swift-nio" */;
			productName = NIOCore;
		};
		A430BDF58539E9AB20C42A19 /* NIOSSH */ = {
			isa = XCSwiftPackageProductDependency;
			package = 40130644CF192DE204274EBA /* XCRemoteSwiftPackageReference "swift-nio-ssh" */;
			productName = NIOSSH;
		};
		B719687746D6E74C57ECB3D9 /* NIOPosix */ = {
			isa = XCSwiftPackageProductDependency;
			package = A7C893B8B413D1EBF26A2174 /* XCRemoteSwiftPackageReference "swift-nio" */;
			productName = NIOPosix;
		};
		F47930E681508B6A92D67201 /* NIOSSH */ = {
			isa = XCSwiftPackageProductDependency;
			package = 40130644CF192DE204274EBA /* XCRemoteSwiftPackageReference "swift-nio-ssh" */;
			productName = NIOSSH;
		};
/* End XCSwiftPackageProductDependency section */
	};
	rootObject = B7DD9FE9A058D582F64E8172 /* Project object */;
}
